
Microsoft Visual Studio Solution File, Format Version 12.00
# Visual Studio Version 17
VisualStudioVersion = 17.0.31903.59
MinimumVisualStudioVersion = 10.0.40219.1
Project("{9A19103F-16F7-4668-BE54-9A1E7A4F7556}") = "DocuManagementApp", "DocuManagementApp\DocuManagementApp.csproj", "{E3875B4B-43DF-4F40-AA2D-9EC8AC2F1AD5}"
EndProject
Project("{FAE04EC0-301F-11D3-BF4B-00C04F79EFBC}") = "DocuManagementApp.Tests", "DocuManagementApp.Tests\DocuManagementApp.Tests.csproj", "{FF0DE946-1948-4A71-9F7C-5FEC2FD05441}"
EndProject
Project("{FAE04EC0-301F-11D3-BF4B-00C04F79EFBC}") = "OrchestratorService", "OrchestratorService\OrchestratorService.csproj", "{6CE2F6FE-A9E2-43B9-99EF-C8C9BEC047B7}"
EndProject
Project("{FAE04EC0-301F-11D3-BF4B-00C04F79EFBC}") = "ExtractionService", "ExtractionService\ExtractionService.csproj", "{81DF2A46-465C-477B-A4D2-5CD42CB0051A}"
EndProject
Global
	GlobalSection(SolutionConfigurationPlatforms) = preSolution
		Debug|Any CPU = Debug|Any CPU
		Debug|x64 = Debug|x64
		Debug|x86 = Debug|x86
		Release|Any CPU = Release|Any CPU
		Release|x64 = Release|x64
		Release|x86 = Release|x86
	EndGlobalSection
	GlobalSection(ProjectConfigurationPlatforms) = postSolution
		{E3875B4B-43DF-4F40-AA2D-9EC8AC2F1AD5}.Debug|Any CPU.ActiveCfg = Debug|Any CPU
		{E3875B4B-43DF-4F40-AA2D-9EC8AC2F1AD5}.Debug|Any CPU.Build.0 = Debug|Any CPU
		{E3875B4B-43DF-4F40-AA2D-9EC8AC2F1AD5}.Debug|x64.ActiveCfg = Debug|Any CPU
		{E3875B4B-43DF-4F40-AA2D-9EC8AC2F1AD5}.Debug|x64.Build.0 = Debug|Any CPU
		{E3875B4B-43DF-4F40-AA2D-9EC8AC2F1AD5}.Debug|x86.ActiveCfg = Debug|Any CPU
		{E3875B4B-43DF-4F40-AA2D-9EC8AC2F1AD5}.Debug|x86.Build.0 = Debug|Any CPU
		{E3875B4B-43DF-4F40-AA2D-9EC8AC2F1AD5}.Release|Any CPU.ActiveCfg = Release|Any CPU
		{E3875B4B-43DF-4F40-AA2D-9EC8AC2F1AD5}.Release|Any CPU.Build.0 = Release|Any CPU
		{E3875B4B-43DF-4F40-AA2D-9EC8AC2F1AD5}.Release|x64.ActiveCfg = Release|Any CPU
		{E3875B4B-43DF-4F40-AA2D-9EC8AC2F1AD5}.Release|x64.Build.0 = Release|Any CPU
		{E3875B4B-43DF-4F40-AA2D-9EC8AC2F1AD5}.Release|x86.ActiveCfg = Release|Any CPU
		{E3875B4B-43DF-4F40-AA2D-9EC8AC2F1AD5}.Release|x86.Build.0 = Release|Any CPU
		{FF0DE946-1948-4A71-9F7C-5FEC2FD05441}.Debug|Any CPU.ActiveCfg = Debug|Any CPU
		{FF0DE946-1948-4A71-9F7C-5FEC2FD05441}.Debug|Any CPU.Build.0 = Debug|Any CPU
		{FF0DE946-1948-4A71-9F7C-5FEC2FD05441}.Debug|x64.ActiveCfg = Debug|Any CPU
		{FF0DE946-1948-4A71-9F7C-5FEC2FD05441}.Debug|x64.Build.0 = Debug|Any CPU
		{FF0DE946-1948-4A71-9F7C-5FEC2FD05441}.Debug|x86.ActiveCfg = Debug|Any CPU
		{FF0DE946-1948-4A71-9F7C-5FEC2FD05441}.Debug|x86.Build.0 = Debug|Any CPU
		{FF0DE946-1948-4A71-9F7C-5FEC2FD05441}.Release|Any CPU.ActiveCfg = Release|Any CPU
		{FF0DE946-1948-4A71-9F7C-5FEC2FD05441}.Release|Any CPU.Build.0 = Release|Any CPU
		{FF0DE946-1948-4A71-9F7C-5FEC2FD05441}.Release|x64.ActiveCfg = Release|Any CPU
		{FF0DE946-1948-4A71-9F7C-5FEC2FD05441}.Release|x64.Build.0 = Release|Any CPU
		{FF0DE946-1948-4A71-9F7C-5FEC2FD05441}.Release|x86.ActiveCfg = Release|Any CPU
		{FF0DE946-1948-4A71-9F7C-5FEC2FD05441}.Release|x86.Build.0 = Release|Any CPU
		{6CE2F6FE-A9E2-43B9-99EF-C8C9BEC047B7}.Debug|Any CPU.ActiveCfg = Debug|Any CPU
		{6CE2F6FE-A9E2-43B9-99EF-C8C9BEC047B7}.Debug|Any CPU.Build.0 = Debug|Any CPU
		{6CE2F6FE-A9E2-43B9-99EF-C8C9BEC047B7}.Debug|x64.ActiveCfg = Debug|Any CPU
		{6CE2F6FE-A9E2-43B9-99EF-C8C9BEC047B7}.Debug|x64.Build.0 = Debug|Any CPU
		{6CE2F6FE-A9E2-43B9-99EF-C8C9BEC047B7}.Debug|x86.ActiveCfg = Debug|Any CPU
		{6CE2F6FE-A9E2-43B9-99EF-C8C9BEC047B7}.Debug|x86.Build.0 = Debug|Any CPU
		{6CE2F6FE-A9E2-43B9-99EF-C8C9BEC047B7}.Release|Any CPU.ActiveCfg = Release|Any CPU
		{6CE2F6FE-A9E2-43B9-99EF-C8C9BEC047B7}.Release|Any CPU.Build.0 = Release|Any CPU
		{6CE2F6FE-A9E2-43B9-99EF-C8C9BEC047B7}.Release|x64.ActiveCfg = Release|Any CPU
		{6CE2F6FE-A9E2-43B9-99EF-C8C9BEC047B7}.Release|x64.Build.0 = Release|Any CPU
		{6CE2F6FE-A9E2-43B9-99EF-C8C9BEC047B7}.Release|x86.ActiveCfg = Release|Any CPU
		{6CE2F6FE-A9E2-43B9-99EF-C8C9BEC047B7}.Release|x86.Build.0 = Release|Any CPU
		{81DF2A46-465C-477B-A4D2-5CD42CB0051A}.Debug|Any CPU.ActiveCfg = Debug|Any CPU
		{81DF2A46-465C-477B-A4D2-5CD42CB0051A}.Debug|Any CPU.Build.0 = Debug|Any CPU
		{81DF2A46-465C-477B-A4D2-5CD42CB0051A}.Debug|x64.ActiveCfg = Debug|Any CPU
		{81DF2A46-465C-477B-A4D2-5CD42CB0051A}.Debug|x64.Build.0 = Debug|Any CPU
		{81DF2A46-465C-477B-A4D2-5CD42CB0051A}.Debug|x86.ActiveCfg = Debug|Any CPU
		{81DF2A46-465C-477B-A4D2-5CD42CB0051A}.Debug|x86.Build.0 = Debug|Any CPU
		{81DF2A46-465C-477B-A4D2-5CD42CB0051A}.Release|Any CPU.ActiveCfg = Release|Any CPU
		{81DF2A46-465C-477B-A4D2-5CD42CB0051A}.Release|Any CPU.Build.0 = Debug|Any CPU
		{81DF2A46-465C-477B-A4D2-5CD42CB0051A}.Release|x64.ActiveCfg = Release|Any CPU
		{81DF2A46-465C-477B-A4D2-5CD42CB0051A}.Release|x64.Build.0 = Debug|Any CPU
		{81DF2A46-465C-477B-A4D2-5CD42CB0051A}.Release|x86.ActiveCfg = Release|Any CPU
		{81DF2A46-465C-477B-A4D2-5CD42CB0051A}.Release|x86.Build.0 = Debug|Any CPU
	EndGlobalSection
	GlobalSection(SolutionProperties) = preSolution
		HideSolutionNode = FALSE
	EndGlobalSection
EndGlobal
